<?xml version="1.0" encoding="utf-8"?>
<Project ToolsVersion="4.0" xmlns="http://schemas.microsoft.com/developer/msbuild/2003">
  <ItemGroup>
    <Filter Include="Public">
      <UniqueIdentifier>{93995380-89BD-4b04-88EB-625FBE52EBFB}</UniqueIdentifier>
      <Extensions>h;hh;hpp;hxx;hm;inl;inc;xsd</Extensions>
    </Filter>
    <Filter Include="Private">
      <UniqueIdentifier>{4FC737F1-C7A5-4376-A066-2A32D752A2FF}</UniqueIdentifier>
      <Extensions>cpp;c;cc;cxx;def;odl;idl;hpj;bat;asm;asmx</Extensions>
    </Filter>
    <Filter Include="Private\Headers">
      <UniqueIdentifier>{ed8ebcfe-899b-42a2-a466-9e9c20042b2e}</UniqueIdentifier>
    </Filter>
    <Filter Include="Private\Source">
      <UniqueIdentifier>{865cd6a5-1c4c-4eed-8094-38302055edbf}</UniqueIdentifier>
    </Filter>
    <Filter Include="Public\STLExtensions">
      <UniqueIdentifier>{c1ec7ae8-5f1e-41ed-ab93-bfa19ea8bc5f}</UniqueIdentifier>
    </Filter>
    <Filter Include="Public\Memory">
      <UniqueIdentifier>{4121b840-bc7b-4f90-ba06-3c0df9d9e2c0}</UniqueIdentifier>
    </Filter>
    <Filter Include="Private\Source\STLExtensions">
      <UniqueIdentifier>{0eb2b992-9edb-4c48-820e-00f53a26eb12}</UniqueIdentifier>
    </Filter>
    <Filter Include="Private\Source\Memory">
      <UniqueIdentifier>{980a8e35-eeef-46c1-b00f-72d38be743dd}</UniqueIdentifier>
    </Filter>
    <Filter Include="Private\Headers\Memory">
      <UniqueIdentifier>{222435f1-4de7-4535-973f-397454b9c51e}</UniqueIdentifier>
    </Filter>
    <Filter Include="Public\Utility">
      <UniqueIdentifier>{1592b5fd-646f-4a42-bb7f-fe39added276}</UniqueIdentifier>
    </Filter>
    <Filter Include="Public\Threading">
      <UniqueIdentifier>{c1d52c3e-57db-4189-8518-fe891ff80800}</UniqueIdentifier>
    </Filter>
    <Filter Include="Private\Source\Threading">
      <UniqueIdentifier>{7482a17d-42f2-4cdd-985e-4b4ecd9315df}</UniqueIdentifier>
    </Filter>
    <Filter Include="Private\Source\Utility">
      <UniqueIdentifier>{cca8c4b9-19a5-4588-99c9-75eac991b614}</UniqueIdentifier>
    </Filter>
    <Filter Include="Public\Filesystem">
      <UniqueIdentifier>{c7413237-4ed2-4455-a000-4dacd79a0553}</UniqueIdentifier>
    </Filter>
    <Filter Include="Private\Source\Filesystem">
      <UniqueIdentifier>{172cad7c-132c-4130-b32f-cbffbd151a12}</UniqueIdentifier>
    </Filter>
    <Filter Include="Private\Source\Math">
      <UniqueIdentifier>{d78fc610-5f7d-4605-b07e-82fdefe18ee6}</UniqueIdentifier>
    </Filter>
    <Filter Include="Public\Math">
      <UniqueIdentifier>{a87d8d5e-bd42-41e3-a3e8-e69731358903}</UniqueIdentifier>
    </Filter>
  </ItemGroup>
  <ItemGroup>
    <ClInclude Include="..\..\..\Public\STLExtensions\extended_string.h">
      <Filter>Public\STLExtensions</Filter>
    </ClInclude>
    <ClInclude Include="..\..\..\Public\STLExtensions\extended_string.hpp">
      <Filter>Public\STLExtensions</Filter>
    </ClInclude>
    <ClInclude Include="..\..\..\Public\Memory\MemTrack.h">
      <Filter>Public\Memory</Filter>
    </ClInclude>
    <ClInclude Include="..\..\..\Private\Headers\Memory\InternalAllocator.h">
      <Filter>Private\Headers\Memory</Filter>
    </ClInclude>
    <ClInclude Include="..\..\..\Public\Utility\Platform.h">
      <Filter>Public\Utility</Filter>
    </ClInclude>
    <ClInclude Include="..\..\..\Public\Utility\Types.h">
      <Filter>Public\Utility</Filter>
    </ClInclude>
    <ClInclude Include="..\..\..\Public\Utility\Hash.h">
      <Filter>Public\Utility</Filter>
    </ClInclude>
    <ClInclude Include="..\..\..\Public\Threading\SimpleMutex.h">
      <Filter>Public\Threading</Filter>
    </ClInclude>
    <ClInclude Include="..\..\..\Public\Threading\SimpleMutex_Std.h">
      <Filter>Public\Threading</Filter>
    </ClInclude>
    <ClInclude Include="..\..\..\Public\Threading\SimpleMutex_Msvc.h">
      <Filter>Public\Threading</Filter>
    </ClInclude>
    <ClInclude Include="..\..\..\Public\Utility\Macros.h">
      <Filter>Public\Utility</Filter>
    </ClInclude>
    <ClInclude Include="..\..\..\Public\Threading\Mutex.h">
      <Filter>Public\Threading</Filter>
    </ClInclude>
    <ClInclude Include="..\..\..\Public\Threading\Mutex_Msvc.h">
      <Filter>Public\Threading</Filter>
    </ClInclude>
    <ClInclude Include="..\..\..\Public\Threading\Mutex_Std.h">
      <Filter>Public\Threading</Filter>
    </ClInclude>
    <ClInclude Include="..\..\..\Public\Threading\Lockable.h">
      <Filter>Public\Threading</Filter>
    </ClInclude>
    <ClInclude Include="..\..\..\Public\Threading\ScopeLock.h">
      <Filter>Public\Threading</Filter>
    </ClInclude>
    <ClInclude Include="..\..\..\Public\Threading\Synchronizer_Std.h">
      <Filter>Public\Threading</Filter>
    </ClInclude>
    <ClInclude Include="..\..\..\Public\Threading\Synchronizer_Msvc.h">
      <Filter>Public\Threading</Filter>
    </ClInclude>
    <ClInclude Include="..\..\..\Public\Threading\Synchronizer.h">
      <Filter>Public\Threading</Filter>
    </ClInclude>
    <ClInclude Include="..\..\..\Public\Utility\DateTime.h">
      <Filter>Public\Utility</Filter>
    </ClInclude>
    <ClInclude Include="..\..\..\Public\Filesystem\Directory.h">
      <Filter>Public\Filesystem</Filter>
    </ClInclude>
    <ClInclude Include="..\..\..\Public\Math\Math.h">
      <Filter>Public\Math</Filter>
    </ClInclude>
    <ClInclude Include="..\..\..\Public\Utility\Logger.h">
      <Filter>Public\Utility</Filter>
    </ClInclude>
    <ClInclude Include="..\..\..\Public\Filesystem\BaseFile.h">
      <Filter>Public\Filesystem</Filter>
    </ClInclude>
    <ClInclude Include="..\..\..\Public\Utility\LogStream.h">
      <Filter>Public\Utility</Filter>
    </ClInclude>
    <ClInclude Include="..\..\..\Public\Threading\Thread.h">
      <Filter>Public\Threading</Filter>
    </ClInclude>
    <ClInclude Include="..\..\..\Public\Threading\Thread_Std.h">
      <Filter>Public\Threading</Filter>
    </ClInclude>
    <ClInclude Include="..\..\..\Public\Threading\Thread_Msvc.h">
      <Filter>Public\Threading</Filter>
    </ClInclude>
    <ClInclude Include="..\..\..\Public\Utility\Timer.h">
      <Filter>Public\Utility</Filter>
    </ClInclude>
    <ClInclude Include="..\..\..\Public\Utility\Timer_Win.h">
      <Filter>Public\Utility</Filter>
    </ClInclude>
    <ClInclude Include="..\..\..\Public\Utility\Timer_Posix.h">
      <Filter>Public\Utility</Filter>
    </ClInclude>
    <ClInclude Include="..\..\..\Public\Threading\RecursiveMutex.h">
      <Filter>Public\Threading</Filter>
    </ClInclude>
    <ClInclude Include="..\..\..\Public\Threading\RecursiveMutex_Msvc.h">
      <Filter>Public\Threading</Filter>
    </ClInclude>
    <ClInclude Include="..\..\..\Public\Threading\RecursiveMutex_Std.h">
      <Filter>Public\Threading</Filter>
    </ClInclude>
    <ClInclude Include="..\..\..\Public\Math\Vector2.h">
      <Filter>Public\Math</Filter>
    </ClInclude>
    <ClInclude Include="..\..\..\Public\Math\Vector2.hpp">
      <Filter>Public\Math</Filter>
    </ClInclude>
    <ClInclude Include="..\..\..\Public\Memory\MemStack.h">
      <Filter>Public\Memory</Filter>
    </ClInclude>
    <ClInclude Include="..\..\..\Public\Memory\MemStack.hpp">
      <Filter>Public\Memory</Filter>
    </ClInclude>
    <ClInclude Include="..\..\..\Public\Memory\MemPool.h">
      <Filter>Public\Memory</Filter>
    </ClInclude>
    <ClInclude Include="..\..\..\Public\Memory\MemPool.hpp">
      <Filter>Public\Memory</Filter>
    </ClInclude>
    <ClInclude Include="..\..\..\Public\Memory\MemHeap.h">
      <Filter>Public\Memory</Filter>
    </ClInclude>
    <ClInclude Include="..\..\..\Public\Memory\MemHeap.hpp">
      <Filter>Public\Memory</Filter>
    </ClInclude>
    <ClInclude Include="..\..\..\Public\Utility\TemplateMetaProgramming.h">
      <Filter>Public\Utility</Filter>
    </ClInclude>
    <ClInclude Include="..\..\..\Public\Math\Vector3.h">
      <Filter>Public\Math</Filter>
    </ClInclude>
    <ClInclude Include="..\..\..\Public\Math\Vector3.hpp">
      <Filter>Public\Math</Filter>
    </ClInclude>
    <ClInclude Include="..\..\..\Public\Math\Vector4.h">
      <Filter>Public\Math</Filter>
    </ClInclude>
    <ClInclude Include="..\..\..\Public\Math\Vector4.hpp">
      <Filter>Public\Math</Filter>
    </ClInclude>
    <ClInclude Include="..\..\..\Public\Math\SIMDMath.h">
      <Filter>Public\Math</Filter>
    </ClInclude>
    <ClInclude Include="..\..\..\Public\Math\Quaternion.h">
      <Filter>Public\Math</Filter>
    </ClInclude>
    <ClInclude Include="..\..\..\Public\Math\Quaternion.hpp">
      <Filter>Public\Math</Filter>
    </ClInclude>
    <ClInclude Include="..\..\..\Public\Math\Matrix4x4.h">
      <Filter>Public\Math</Filter>
    </ClInclude>
    <ClInclude Include="..\..\..\Public\Math\Matrix4x4.hpp">
      <Filter>Public\Math</Filter>
    </ClInclude>
  </ItemGroup>
  <ItemGroup>
    <ClCompile Include="..\..\..\Private\Source\STLExtensions\extended_string.cpp">
      <Filter>Private\Source\STLExtensions</Filter>
    </ClCompile>
    <ClCompile Include="..\..\..\Private\Source\Memory\MemTrack.cpp">
      <Filter>Private\Source\Memory</Filter>
    </ClCompile>
    <ClCompile Include="..\..\..\Private\Source\Threading\SimpleMutex.cpp">
      <Filter>Private\Source\Threading</Filter>
    </ClCompile>
    <ClCompile Include="..\..\..\Private\Source\Threading\SimpleMutex_Std.cpp">
      <Filter>Private\Source\Threading</Filter>
    </ClCompile>
    <ClCompile Include="..\..\..\Private\Source\Threading\SimpleMutex_Msvc.cpp">
      <Filter>Private\Source\Threading</Filter>
    </ClCompile>
    <ClCompile Include="..\..\..\Private\Source\Threading\Mutex_Msvc.cpp">
      <Filter>Private\Source\Threading</Filter>
    </ClCompile>
    <ClCompile Include="..\..\..\Private\Source\Threading\Mutex_Std.cpp">
      <Filter>Private\Source\Threading</Filter>
    </ClCompile>
    <ClCompile Include="..\..\..\Private\Source\Threading\ScopeLock.cpp">
      <Filter>Private\Source\Threading</Filter>
    </ClCompile>
    <ClCompile Include="..\..\..\Private\Source\Utility\Types.cpp">
      <Filter>Private\Source\Utility</Filter>
    </ClCompile>
    <ClCompile Include="..\..\..\Private\Source\Threading\Synchronizer_Msvc.cpp">
      <Filter>Private\Source\Threading</Filter>
    </ClCompile>
    <ClCompile Include="..\..\..\Private\Source\Threading\Synchronizer_Std.cpp">
      <Filter>Private\Source\Threading</Filter>
    </ClCompile>
    <ClCompile Include="..\..\..\Private\Source\Filesystem\Directory.cpp">
      <Filter>Private\Source\Filesystem</Filter>
    </ClCompile>
    <ClCompile Include="..\..\..\Private\Source\Filesystem\Directory_Win.cpp">
      <Filter>Private\Source\Filesystem</Filter>
    </ClCompile>
    <ClCompile Include="..\..\..\Private\Source\Filesystem\Directory_Posix.cpp">
      <Filter>Private\Source\Filesystem</Filter>
    </ClCompile>
    <ClCompile Include="..\..\..\Private\Source\Utility\DateTime.cpp">
      <Filter>Private\Source\Utility</Filter>
    </ClCompile>
    <ClCompile Include="..\..\..\Private\Source\Math\Math.cpp">
      <Filter>Private\Source\Math</Filter>
    </ClCompile>
    <ClCompile Include="..\..\..\Private\Source\Utility\Logger.cpp">
      <Filter>Private\Source\Utility</Filter>
    </ClCompile>
    <ClCompile Include="..\..\..\Private\Source\Filesystem\BaseFile.cpp">
      <Filter>Private\Source\Filesystem</Filter>
    </ClCompile>
    <ClCompile Include="..\..\..\Private\Source\Utility\LogStream.cpp">
      <Filter>Private\Source\Utility</Filter>
    </ClCompile>
    <ClCompile Include="..\..\..\Private\Source\Threading\Thread_Std.cpp">
      <Filter>Private\Source\Threading</Filter>
    </ClCompile>
    <ClCompile Include="..\..\..\Private\Source\Threading\Thread_Msvc.cpp">
      <Filter>Private\Source\Threading</Filter>
    </ClCompile>
    <ClCompile Include="..\..\..\Private\Source\Utility\Timer_Win.cpp">
      <Filter>Private\Source\Utility</Filter>
    </ClCompile>
    <ClCompile Include="..\..\..\Private\Source\Utility\Timer_Posix.cpp">
      <Filter>Private\Source\Utility</Filter>
    </ClCompile>
    <ClCompile Include="..\..\..\Private\Source\Threading\RecursiveMutex_Msvc.cpp">
      <Filter>Private\Source\Threading</Filter>
    </ClCompile>
    <ClCompile Include="..\..\..\Private\Source\Threading\RecursiveMutex_Std.cpp">
      <Filter>Private\Source\Threading</Filter>
    </ClCompile>
    <ClCompile Include="..\..\..\Private\Source\Memory\MemStack.cpp">
      <Filter>Private\Source\Memory</Filter>
    </ClCompile>
    <ClCompile Include="..\..\..\Private\Source\Memory\MemHeap.cpp">
      <Filter>Private\Source\Memory</Filter>
    </ClCompile>
    <ClCompile Include="..\..\..\Private\Source\Memory\MemPool.cpp">
      <Filter>Private\Source\Memory</Filter>
    </ClCompile>
    <ClCompile Include="..\..\..\Private\Source\Math\Vector2.cpp">
      <Filter>Private\Source\Math</Filter>
    </ClCompile>
    <ClCompile Include="..\..\..\Private\Source\Math\Vector3.cpp">
      <Filter>Private\Source\Math</Filter>
    </ClCompile>
    <ClCompile Include="..\..\..\Private\Source\Math\Vector4.cpp">
      <Filter>Private\Source\Math</Filter>
    </ClCompile>
    <ClCompile Include="..\..\..\Private\Source\Math\Quaternion.cpp">
      <Filter>Private\Source\Math</Filter>
    </ClCompile>
    <ClCompile Include="..\..\..\Private\Source\Math\Matrix4x4.cpp">
      <Filter>Private\Source\Math</Filter>
    </ClCompile>
  </ItemGroup>
</Project>