<?xml version="1.0" encoding="utf-8"?>
<Project ToolsVersion="4.0" xmlns="http://schemas.microsoft.com/developer/msbuild/2003">
  <ItemGroup>
    <Filter Include="Public">
      <UniqueIdentifier>{93995380-89BD-4b04-88EB-625FBE52EBFB}</UniqueIdentifier>
      <Extensions>h;hh;hpp;hxx;hm;inl;inc;xsd</Extensions>
    </Filter>
    <Filter Include="Private">
      <UniqueIdentifier>{4FC737F1-C7A5-4376-A066-2A32D752A2FF}</UniqueIdentifier>
      <Extensions>cpp;c;cc;cxx;def;odl;idl;hpj;bat;asm;asmx</Extensions>
    </Filter>
    <Filter Include="Private\Headers">
      <UniqueIdentifier>{ed8ebcfe-899b-42a2-a466-9e9c20042b2e}</UniqueIdentifier>
    </Filter>
    <Filter Include="Private\Source">
      <UniqueIdentifier>{865cd6a5-1c4c-4eed-8094-38302055edbf}</UniqueIdentifier>
    </Filter>
    <Filter Include="Public\STLExtensions">
      <UniqueIdentifier>{c1ec7ae8-5f1e-41ed-ab93-bfa19ea8bc5f}</UniqueIdentifier>
    </Filter>
    <Filter Include="Public\Memory">
      <UniqueIdentifier>{4121b840-bc7b-4f90-ba06-3c0df9d9e2c0}</UniqueIdentifier>
    </Filter>
    <Filter Include="Private\Source\STLExtensions">
      <UniqueIdentifier>{0eb2b992-9edb-4c48-820e-00f53a26eb12}</UniqueIdentifier>
    </Filter>
    <Filter Include="Private\Source\Memory">
      <UniqueIdentifier>{980a8e35-eeef-46c1-b00f-72d38be743dd}</UniqueIdentifier>
    </Filter>
    <Filter Include="Private\Headers\Memory">
      <UniqueIdentifier>{222435f1-4de7-4535-973f-397454b9c51e}</UniqueIdentifier>
    </Filter>
    <Filter Include="Public\Utility">
      <UniqueIdentifier>{1592b5fd-646f-4a42-bb7f-fe39added276}</UniqueIdentifier>
    </Filter>
  </ItemGroup>
  <ItemGroup>
    <ClInclude Include="..\..\..\Public\STLExtensions\extended_string.h">
      <Filter>Public\STLExtensions</Filter>
    </ClInclude>
    <ClInclude Include="..\..\..\Public\STLExtensions\extended_string.hpp">
      <Filter>Public\STLExtensions</Filter>
    </ClInclude>
    <ClInclude Include="..\..\..\Public\Memory\MemTrack.h">
      <Filter>Public\Memory</Filter>
    </ClInclude>
    <ClInclude Include="..\..\..\Private\Headers\Memory\InternalAllocator.h">
      <Filter>Private\Headers\Memory</Filter>
    </ClInclude>
    <ClInclude Include="..\..\..\Public\Utility\Platform.h">
      <Filter>Public\Utility</Filter>
    </ClInclude>
    <ClInclude Include="..\..\..\Public\Utility\Types.h">
      <Filter>Public\Utility</Filter>
    </ClInclude>
  </ItemGroup>
  <ItemGroup>
    <ClCompile Include="..\..\..\Private\Source\STLExtensions\extended_string.cpp">
      <Filter>Private\Source\STLExtensions</Filter>
    </ClCompile>
    <ClCompile Include="..\..\..\Private\Source\Memory\MemTrack.cpp">
      <Filter>Private\Source\Memory</Filter>
    </ClCompile>
  </ItemGroup>
</Project>